// !$*UTF8*$!
{
	archiveVersion = 1;
	classes = {
	};
	objectVersion = 46;
	objects = {

/* Begin PBXBuildFile section */
		EB272A611CE1CD5A00817C40 /* AppDelegate.swift in Sources */ = {isa = PBXBuildFile; fileRef = EB272A601CE1CD5A00817C40 /* AppDelegate.swift */; };
		EB272A631CE1CD5A00817C40 /* Assets.xcassets in Resources */ = {isa = PBXBuildFile; fileRef = EB272A621CE1CD5A00817C40 /* Assets.xcassets */; };
		EB272A661CE1CD5A00817C40 /* MainMenu.xib in Resources */ = {isa = PBXBuildFile; fileRef = EB272A641CE1CD5A00817C40 /* MainMenu.xib */; };
/* End PBXBuildFile section */

/* Begin PBXFileReference section */
		EB272A5D1CE1CD5A00817C40 /* PrintTrayChanger.app */ = {isa = PBXFileReference; explicitFileType = wrapper.application; includeInIndex = 0; path = PrintTrayChanger.app; sourceTree = BUILT_PRODUCTS_DIR; };
		EB272A601CE1CD5A00817C40 /* AppDelegate.swift */ = {isa = PBXFileReference; lastKnownFileType = sourcecode.swift; path = AppDelegate.swift; sourceTree = "<group>"; };
		EB272A621CE1CD5A00817C40 /* Assets.xcassets */ = {isa = PBXFileReference; lastKnownFileType = folder.assetcatalog; path = Assets.xcassets; sourceTree = "<group>"; };
		EB272A651CE1CD5A00817C40 /* Base */ = {isa = PBXFileReference; lastKnownFileType = file.xib; name = Base; path = Base.lproj/MainMenu.xib; sourceTree = "<group>"; };
		EB272A671CE1CD5A00817C40 /* Info.plist */ = {isa = PBXFileReference; lastKnownFileType = text.plist.xml; path = Info.plist; sourceTree = "<group>"; };
/* End PBXFileReference section */

/* Begin PBXFrameworksBuildPhase section */
		EB272A5A1CE1CD5A00817C40 /* Frameworks */ = {
			isa = PBXFrameworksBuildPhase;
			buildActionMask = 2147483647;
			files = (
			);
			runOnlyForDeploymentPostprocessing = 0;
		};
/* End PBXFrameworksBuildPhase section */

/* Begin PBXGroup section */
		EB272A541CE1CD5A00817C40 = {
			isa = PBXGroup;
			children = (
				EB272A5F1CE1CD5A00817C40 /* PrintTrayChanger */,
				EB272A5E1CE1CD5A00817C40 /* Products */,
			);
			sourceTree = "<group>";
		};
		EB272A5E1CE1CD5A00817C40 /* Products */ = {
			isa = PBXGroup;
			children = (
				EB272A5D1CE1CD5A00817C40 /* PrintTrayChanger.app */,
			);
			name = Products;
			sourceTree = "<group>";
		};
		EB272A5F1CE1CD5A00817C40 /* PrintTrayChanger */ = {
			isa = PBXGroup;
			children = (
				EB272A601CE1CD5A00817C40 /* AppDelegate.swift */,
				EB272A621CE1CD5A00817C40 /* Assets.xcassets */,
				EB272A641CE1CD5A00817C40 /* MainMenu.xib */,
				EB272A671CE1CD5A00817C40 /* Info.plist */,
			);
			path = PrintTrayChanger;
			sourceTree = "<group>";
		};
/* End PBXGroup section */

/* Begin PBXNativeTarget section */
		EB272A5C1CE1CD5A00817C40 /* PrintTrayChanger */ = {
			isa = PBXNativeTarget;
			buildConfigurationList = EB272A6A1CE1CD5A00817C40 /* Build configuration list for PBXNativeTarget "PrintTrayChanger" */;
			buildPhases = (
				EB272A591CE1CD5A00817C40 /* Sources */,
				EB272A5A1CE1CD5A00817C40 /* Frameworks */,
				EB272A5B1CE1CD5A00817C40 /* Resources */,
			);
			buildRules = (
			);
			dependencies = (
			);
			name = PrintTrayChanger;
			productName = PrintTrayChanger;
			productReference = EB272A5D1CE1CD5A00817C40 /* PrintTrayChanger.app */;
			productType = "com.apple.product-type.application";
		};
/* End PBXNativeTarget section */

/* Begin PBXProject section */
		EB272A551CE1CD5A00817C40 /* Project object */ = {
			isa = PBXProject;
			attributes = {
				LastSwiftUpdateCheck = 0720;
				LastUpgradeCheck = 0720;
				ORGANIZATIONNAME = "Tjark Saul";
				TargetAttributes = {
					EB272A5C1CE1CD5A00817C40 = {
						CreatedOnToolsVersion = 7.2;
					};
				};
			};
			buildConfigurationList = EB272A581CE1CD5A00817C40 /* Build configuration list for PBXProject "PrintTrayChanger" */;
			compatibilityVersion = "Xcode 3.2";
			developmentRegion = English;
			hasScannedForEncodings = 0;
			knownRegions = (
				en,
				Base,
			);
			mainGroup = EB272A541CE1CD5A00817C40;
			productRefGroup = EB272A5E1CE1CD5A00817C40 /* Products */;
			projectDirPath = "";
			projectRoot = "";
			targets = (
				EB272A5C1CE1CD5A00817C40 /* PrintTrayChanger */,
			);
		};
/* End PBXProject section */

/* Begin PBXResourcesBuildPhase section */
		EB272A5B1CE1CD5A00817C40 /* Resources */ = {
			isa = PBXResourcesBuildPhase;
			buildActionMask = 2147483647;
			files = (
				EB272A631CE1CD5A00817C40 /* Assets.xcassets in Resources */,
				EB272A661CE1CD5A00817C40 /* MainMenu.xib in Resources */,
			);
			runOnlyForDeploymentPostprocessing = 0;
		};
/* End PBXResourcesBuildPhase section */

/* Begin PBXSourcesBuildPhase section */
		EB272A591CE1CD5A00817C40 /* Sources */ = {
			isa = PBXSourcesBuildPhase;
			buildActionMask = 2147483647;
			files = (
				EB272A611CE1CD5A00817C40 /* AppDelegate.swift in Sources */,
			);
			runOnlyForDeploymentPostprocessing = 0;
		};
/* End PBXSourcesBuildPhase section */

/* Begin PBXVariantGroup section */
		EB272A641CE1CD5A00817C40 /* MainMenu.xib */ = {
			isa = PBXVariantGroup;
			children = (
				EB272A651CE1CD5A00817C40 /* Base */,
			);
			name = MainMenu.xib;
			sourceTree = "<group>";
		};
/* End PBXVariantGroup section */

/* Begin XCBuildConfiguration section */
		EB272A681CE1CD5A00817C40 /* Debug */ = {
			isa = XCBuildConfiguration;
			buildSettings = {
				ALWAYS_SEARCH_USER_PATHS = NO;
				CLANG_CXX_LANGUAGE_STANDARD = "gnu++0x";
				CLANG_CXX_LIBRARY = "libc++";
				CLANG_ENABLE_MODULES = YES;
				CLANG_ENABLE_OBJC_ARC = YES;
				CLANG_WARN_BOOL_CONVERSION = YES;
				CLANG_WARN_CONSTANT_CONVERSION = YES;
				CLANG_WARN_DIRECT_OBJC_ISA_USAGE = YES_ERROR;
				CLANG_WARN_EMPTY_BODY = YES;
				CLANG_WARN_ENUM_CONVERSION = YES;
				CLANG_WARN_INT_CONVERSION = YES;
				CLANG_WARN_OBJC_ROOT_CLASS = YES_ERROR;
				CLANG_WARN_UNREACHABLE_CODE = YES;
				CLANG_WARN__DUPLICATE_METHOD_MATCH = YES;
				CODE_SIGN_IDENTITY = "-";
				COPY_PHASE_STRIP = NO;
				DEBUG_INFORMATION_FORMAT = dwarf;
				ENABLE_STRICT_OBJC_MSGSEND = YES;
				ENABLE_TESTABILITY = YES;
				GCC_C_LANGUAGE_STANDARD = gnu99;
				GCC_DYNAMIC_NO_PIC = NO;
				GCC_NO_COMMON_BLOCKS = YES;
				GCC_OPTIMIZATION_LEVEL = 0;
				GCC_PREPROCESSOR_DEFINITIONS = (
					"DEBUG=1",
					"$(inherited)",
				);
				GCC_WARN_64_TO_32_BIT_CONVERSION = YES;
				GCC_WARN_ABOUT_RETURN_TYPE = YES_ERROR;
				GCC_WARN_UNDECLARED_SELECTOR = YES;
				GCC_WARN_UNINITIALIZED_AUTOS = YES_AGGRESSIVE;
				GCC_WARN_UNUSED_FUNCTION = YES;
				GCC_WARN_UNUSED_VARIABLE = YES;
				MACOSX_DEPLOYMENT_TARGET = 10.11;
				MTL_ENABLE_DEBUG_INFO = YES;
				ONLY_ACTIVE_ARCH = YES;
				SDKROOT = macosx;
				SWIFT_OPTIMIZATION_LEVEL = "-Onone";
			};
			name = Debug;
		};
		EB272A691CE1CD5A00817C40 /* Release */ = {
			isa = XCBuildConfiguration;
			buildSettings = {
				ALWAYS_SEARCH_USER_PATHS = NO;
				CLANG_CXX_LANGUAGE_STANDARD = "gnu++0x";
				CLANG_CXX_LIBRARY = "libc++";
				CLANG_ENABLE_MODULES = YES;
				CLANG_ENABLE_OBJC_ARC = YES;
				CLANG_WARN_BOOL_CONVERSION = YES;
				CLANG_WARN_CONSTANT_CONVERSION = YES;
				CLANG_WARN_DIRECT_OBJC_ISA_USAGE = YES_ERROR;
				CLANG_WARN_EMPTY_BODY = YES;
				CLANG_WARN_ENUM_CONVERSION = YES;
				CLANG_WARN_INT_CONVERSION = YES;
				CLANG_WARN_OBJC_ROOT_CLASS = YES_ERROR;
				CLANG_WARN_UNREACHABLE_CODE = YES;
				CLANG_WARN__DUPLICATE_METHOD_MATCH = YES;
				CODE_SIGN_IDENTITY = "-";
				COPY_PHASE_STRIP = NO;
				DEBUG_INFORMATION_FORMAT = "dwarf-with-dsym";
				ENABLE_NS_ASSERTIONS = NO;
				ENABLE_STRICT_OBJC_MSGSEND = YES;
				GCC_C_LANGUAGE_STANDARD = gnu99;
				GCC_NO_COMMON_BLOCKS = YES;
				GCC_WARN_64_TO_32_BIT_CONVERSION = YES;
				GCC_WARN_ABOUT_RETURN_TYPE = YES_ERROR;
				GCC_WARN_UNDECLARED_SELECTOR = YES;
				GCC_WARN_UNINITIALIZED_AUTOS = YES_AGGRESSIVE;
				GCC_WARN_UNUSED_FUNCTION = YES;
				GCC_WARN_UNUSED_VARIABLE = YES;
				MACOSX_DEPLOYMENT_TARGET = 10.11;
				MTL_ENABLE_DEBUG_INFO = NO;
				SDKROOT = macosx;
			};
			name = Release;
		};
		EB272A6B1CE1CD5A00817C40 /* Debug */ = {
			isa = XCBuildConfiguration;
			buildSettings = {
				ASSETCATALOG_COMPILER_APPICON_NAME = AppIcon;
				COMBINE_HIDPI_IMAGES = YES;
				INFOPLIST_FILE = PrintTrayChanger/Info.plist;
				LD_RUNPATH_SEARCH_PATHS = "$(inherited) @executable_path/../Frameworks";
				PRODUCT_BUNDLE_IDENTIFIER = de.tjarksaul.PrintTrayChanger;
				PRODUCT_NAME = "$(TARGET_NAME)";
			};
			name = Debug;
		};
		EB272A6C1CE1CD5A00817C40 /* Release */ = {
			isa = XCBuildConfiguration;
			buildSettings = {
				ASSETCATALOG_COMPILER_APPICON_NAME = AppIcon;
				COMBINE_HIDPI_IMAGES = YES;
				INFOPLIST_FILE = PrintTrayChanger/Info.plist;
				LD_RUNPATH_SEARCH_PATHS = "$(inherited) @executable_path/../Frameworks";
				PRODUCT_BUNDLE_IDENTIFIER = de.tjarksaul.PrintTrayChanger;
				PRODUCT_NAME = "$(TARGET_NAME)";
			};
			name = Release;
		};
/* End XCBuildConfiguration section */

/* Begin XCConfigurationList section */
		EB272A581CE1CD5A00817C40 /* Build configuration list for PBXProject "PrintTrayChanger" */ = {
			isa = XCConfigurationList;
			buildConfigurations = (
				EB272A681CE1CD5A00817C40 /* Debug */,
				EB272A691CE1CD5A00817C40 /* Release */,
			);
			defaultConfigurationIsVisible = 0;
			defaultConfigurationName = Release;
		};
		EB272A6A1CE1CD5A00817C40 /* Build configuration list for PBXNativeTarget "PrintTrayChanger" */ = {
			isa = XCConfigurationList;
			buildConfigurations = (
				EB272A6B1CE1CD5A00817C40 /* Debug */,
				EB272A6C1CE1CD5A00817C40 /* Release */,
			);
			defaultConfigurationIsVisible = 0;
		};
/* End XCConfigurationList section */
	};
	rootObject = EB272A551CE1CD5A00817C40 /* Project object */;
}
